
Microsoft Visual Studio Solution File, Format Version 12.00
# Visual Studio Version 17
VisualStudioVersion = 17.1.32228.430
MinimumVisualStudioVersion = 10.0.40219.1
Project("{FAE04EC0-301F-11D3-BF4B-00C04F79EFBC}") = "HEBB_XO", "HEBB_XO\HEBB_XO.csproj", "{BE231ADC-F707-4FF9-8884-A800730C5F86}"
EndProject
Global
	GlobalSection(SolutionConfigurationPlatforms) = preSolution
		Debug|Any CPU = Debug|Any CPU
		Release|Any CPU = Release|Any CPU
	EndGlobalSection
	GlobalSection(ProjectConfigurationPlatforms) = postSolution
		{BE231ADC-F707-4FF9-8884-A800730C5F86}.Debug|Any CPU.ActiveCfg = Debug|Any CPU
		{BE231ADC-F707-4FF9-8884-A800730C5F86}.Debug|Any CPU.Build.0 = Debug|Any CPU
		{BE231ADC-F707-4FF9-8884-A800730C5F86}.Release|Any CPU.ActiveCfg = Release|Any CPU
		{BE231ADC-F707-4FF9-8884-A800730C5F86}.Release|Any CPU.Build.0 = Release|Any CPU
	EndGlobalSection
	GlobalSection(SolutionProperties) = preSolution
		HideSolutionNode = FALSE
	EndGlobalSection
	GlobalSection(ExtensibilityGlobals) = postSolution
		SolutionGuid = {AD78E28A-69BD-47EB-8BEF-03F03A6F2224}
	EndGlobalSection
EndGlobal
