
Microsoft Visual Studio Solution File, Format Version 12.00
# Visual Studio Version 17
VisualStudioVersion = 17.1.32228.430
MinimumVisualStudioVersion = 10.0.40219.1
Project("{FAE04EC0-301F-11D3-BF4B-00C04F79EFBC}") = "XO_ADALINE", "XO_ADALINE\XO_ADALINE.csproj", "{641C9517-6F61-4633-9920-D3785598838E}"
EndProject
Global
	GlobalSection(SolutionConfigurationPlatforms) = preSolution
		Debug|Any CPU = Debug|Any CPU
		Release|Any CPU = Release|Any CPU
	EndGlobalSection
	GlobalSection(ProjectConfigurationPlatforms) = postSolution
		{641C9517-6F61-4633-9920-D3785598838E}.Debug|Any CPU.ActiveCfg = Debug|Any CPU
		{641C9517-6F61-4633-9920-D3785598838E}.Debug|Any CPU.Build.0 = Debug|Any CPU
		{641C9517-6F61-4633-9920-D3785598838E}.Release|Any CPU.ActiveCfg = Release|Any CPU
		{641C9517-6F61-4633-9920-D3785598838E}.Release|Any CPU.Build.0 = Release|Any CPU
	EndGlobalSection
	GlobalSection(SolutionProperties) = preSolution
		HideSolutionNode = FALSE
	EndGlobalSection
	GlobalSection(ExtensibilityGlobals) = postSolution
		SolutionGuid = {8BC3EA1C-EB25-4B35-A456-E4EBD1D454CE}
	EndGlobalSection
EndGlobal
